
Microsoft Visual Studio Solution File, Format Version 12.00
# Visual Studio 15
VisualStudioVersion = 15.0.27004.2009
MinimumVisualStudioVersion = 10.0.40219.1
Project("{2150E333-8FDC-42A3-9474-1A3956D46DE8}") = "src", "src", "{1E175476-9F70-4365-9E5C-7AC5E837DF04}"
EndProject
Project("{9A19103F-16F7-4668-BE54-9A1E7A4F7556}") = "Heroes.Api", "src\Heroes.Api\Heroes.Api.csproj", "{2D7FC488-55F8-4A34-BF62-73C9F21D065E}"
EndProject
Project("{9A19103F-16F7-4668-BE54-9A1E7A4F7556}") = "Heroes.WebHost", "src\Heroes.WebHost\Heroes.WebHost.csproj", "{676D319A-D5B5-4E29-80DB-6A9E3642DF90}"
EndProject
Global
	GlobalSection(SolutionConfigurationPlatforms) = preSolution
		Debug|Any CPU = Debug|Any CPU
		Release|Any CPU = Release|Any CPU
	EndGlobalSection
	GlobalSection(ProjectConfigurationPlatforms) = postSolution
		{2D7FC488-55F8-4A34-BF62-73C9F21D065E}.Debug|Any CPU.ActiveCfg = Debug|Any CPU
		{2D7FC488-55F8-4A34-BF62-73C9F21D065E}.Debug|Any CPU.Build.0 = Debug|Any CPU
		{2D7FC488-55F8-4A34-BF62-73C9F21D065E}.Release|Any CPU.ActiveCfg = Release|Any CPU
		{2D7FC488-55F8-4A34-BF62-73C9F21D065E}.Release|Any CPU.Build.0 = Release|Any CPU
		{676D319A-D5B5-4E29-80DB-6A9E3642DF90}.Debug|Any CPU.ActiveCfg = Debug|Any CPU
		{676D319A-D5B5-4E29-80DB-6A9E3642DF90}.Debug|Any CPU.Build.0 = Debug|Any CPU
		{676D319A-D5B5-4E29-80DB-6A9E3642DF90}.Release|Any CPU.ActiveCfg = Release|Any CPU
		{676D319A-D5B5-4E29-80DB-6A9E3642DF90}.Release|Any CPU.Build.0 = Release|Any CPU
	EndGlobalSection
	GlobalSection(SolutionProperties) = preSolution
		HideSolutionNode = FALSE
	EndGlobalSection
	GlobalSection(NestedProjects) = preSolution
		{2D7FC488-55F8-4A34-BF62-73C9F21D065E} = {1E175476-9F70-4365-9E5C-7AC5E837DF04}
		{676D319A-D5B5-4E29-80DB-6A9E3642DF90} = {1E175476-9F70-4365-9E5C-7AC5E837DF04}
	EndGlobalSection
	GlobalSection(ExtensibilityGlobals) = postSolution
		SolutionGuid = {931F7A7A-8984-4F6C-8B2C-73F6F432ABD0}
	EndGlobalSection
EndGlobal
